
Microsoft Visual Studio Solution File, Format Version 12.00
# Visual Studio Version 16
VisualStudioVersion = 16.0.30717.126
MinimumVisualStudioVersion = 10.0.40219.1
Project("{FAE04EC0-301F-11D3-BF4B-00C04F79EFBC}") = "App3.Android", "App3\App3.Android\App3.Android.csproj", "{2E5DB5BB-CD47-4A4E-A722-72A9B1C24F62}"
EndProject
Project("{FAE04EC0-301F-11D3-BF4B-00C04F79EFBC}") = "App3", "App3\App3\App3.csproj", "{85268B1A-AC29-4EA4-86E3-4410A967D134}"
EndProject
Global
	GlobalSection(SolutionConfigurationPlatforms) = preSolution
		Debug|Any CPU = Debug|Any CPU
		Release|Any CPU = Release|Any CPU
	EndGlobalSection
	GlobalSection(ProjectConfigurationPlatforms) = postSolution
		{2E5DB5BB-CD47-4A4E-A722-72A9B1C24F62}.Debug|Any CPU.ActiveCfg = Debug|Any CPU
		{2E5DB5BB-CD47-4A4E-A722-72A9B1C24F62}.Debug|Any CPU.Build.0 = Debug|Any CPU
		{2E5DB5BB-CD47-4A4E-A722-72A9B1C24F62}.Debug|Any CPU.Deploy.0 = Debug|Any CPU
		{2E5DB5BB-CD47-4A4E-A722-72A9B1C24F62}.Release|Any CPU.ActiveCfg = Release|Any CPU
		{2E5DB5BB-CD47-4A4E-A722-72A9B1C24F62}.Release|Any CPU.Build.0 = Release|Any CPU
		{2E5DB5BB-CD47-4A4E-A722-72A9B1C24F62}.Release|Any CPU.Deploy.0 = Release|Any CPU
		{85268B1A-AC29-4EA4-86E3-4410A967D134}.Debug|Any CPU.ActiveCfg = Debug|Any CPU
		{85268B1A-AC29-4EA4-86E3-4410A967D134}.Debug|Any CPU.Build.0 = Debug|Any CPU
		{85268B1A-AC29-4EA4-86E3-4410A967D134}.Debug|Any CPU.Deploy.0 = Debug|Any CPU
		{85268B1A-AC29-4EA4-86E3-4410A967D134}.Release|Any CPU.ActiveCfg = Release|Any CPU
		{85268B1A-AC29-4EA4-86E3-4410A967D134}.Release|Any CPU.Build.0 = Release|Any CPU
		{85268B1A-AC29-4EA4-86E3-4410A967D134}.Release|Any CPU.Deploy.0 = Release|Any CPU
	EndGlobalSection
	GlobalSection(SolutionProperties) = preSolution
		HideSolutionNode = FALSE
	EndGlobalSection
	GlobalSection(ExtensibilityGlobals) = postSolution
		SolutionGuid = {29815BC6-8B01-4A58-A0AB-12BED7B60999}
	EndGlobalSection
EndGlobal
